{
    "_readme": [
        "This file locks the dependencies of your project to a known state",
        "Read more about it at https://getcomposer.org/doc/01-basic-usage.md#installing-dependencies",
        "This file is @generated automatically"
    ],
    "content-hash": "42b4d81b9e46786342f9d27ca71dbce1",
    "packages": [
        {
            "name": "mofodojodino/profanity-filter",
            "version": "1.3.0",
            "source": {
                "type": "git",
                "url": "https://github.com/mofodojodino/ProfanityFilter.git",
                "reference": "529d24adcdb5b9507a4622db6aba6e54c5bb82a9"
            },
            "dist": {
                "type": "zip",
                "url": "https://api.github.com/repos/mofodojodino/ProfanityFilter/zipball/529d24adcdb5b9507a4622db6aba6e54c5bb82a9",
                "reference": "529d24adcdb5b9507a4622db6aba6e54c5bb82a9",
                "shasum": ""
            },
            "require": {
                "php": ">=5.3.3"
            },
            "require-dev": {
                "phpspec/phpspec": "~2.0",
                "phpunit/phpunit": "~4.8"
            },
            "type": "library",
            "autoload": {
                "psr-0": {
                    "": "src"
                }
            },
            "notification-url": "https://packagist.org/downloads/",
            "license": [
                "MIT"
            ],
            "authors": [
                {
                    "name": "Dean Tedesco",
                    "email": "dino@tedesco.net.au"
                }
            ],
            "description": "Filters out profanities from strings.",
            "time": "2016-05-11T00:19:07+00:00"
        }
    ],
    "packages-dev": [],
    "aliases": [],
    "minimum-stability": "stable",
    "stability-flags": [],
    "prefer-stable": false,
    "prefer-lowest": false,
    "platform": [],
    "platform-dev": [],
    "plugin-api-version": "1.1.0"
}
